
Microsoft Visual Studio Solution File, Format Version 12.00
# Visual Studio Version 16
VisualStudioVersion = 16.0.32002.261
MinimumVisualStudioVersion = 10.0.40219.1
Project("{FAE04EC0-301F-11D3-BF4B-00C04F79EFBC}") = "EcommerceStubSoft", "EcommerceStubSoft\EcommerceStubSoft.csproj", "{FA879C84-7064-4F53-9CA1-04D354746278}"
EndProject
Global
	GlobalSection(SolutionConfigurationPlatforms) = preSolution
		Debug|Any CPU = Debug|Any CPU
		Release|Any CPU = Release|Any CPU
	EndGlobalSection
	GlobalSection(ProjectConfigurationPlatforms) = postSolution
		{FA879C84-7064-4F53-9CA1-04D354746278}.Debug|Any CPU.ActiveCfg = Debug|Any CPU
		{FA879C84-7064-4F53-9CA1-04D354746278}.Debug|Any CPU.Build.0 = Debug|Any CPU
		{FA879C84-7064-4F53-9CA1-04D354746278}.Release|Any CPU.ActiveCfg = Release|Any CPU
		{FA879C84-7064-4F53-9CA1-04D354746278}.Release|Any CPU.Build.0 = Release|Any CPU
	EndGlobalSection
	GlobalSection(SolutionProperties) = preSolution
		HideSolutionNode = FALSE
	EndGlobalSection
	GlobalSection(ExtensibilityGlobals) = postSolution
		SolutionGuid = {D90CE549-0BA7-464B-9542-CC868AC89A8A}
	EndGlobalSection
EndGlobal
